
Microsoft Visual Studio Solution File, Format Version 12.00
#
Project("{FAE04EC0-301F-11D3-BF4B-00C04F79EFBC}") = "SimpleScriptWebSite", "SimpleScriptWebSite\SimpleScriptWebSite.csproj", "{AD83196A-527F-4B67-A517-4E235E9E51F7}"
EndProject
Project("{2150E333-8FDC-42A3-9474-1A3956D46DE8}") = "Solution Items", "Solution Items", "{CBBB9D65-4A23-4116-A7EF-EC57FCA3ADEF}"
	ProjectSection(SolutionItems) = preProject
		compose.yaml = compose.yaml
	EndProjectSection
EndProject
Project("{FAE04EC0-301F-11D3-BF4B-00C04F79EFBC}") = "StressTester", "StressTester\StressTester.csproj", "{5E0319A2-3470-420C-9557-7E95D1FB2A70}"
EndProject
Global
	GlobalSection(SolutionConfigurationPlatforms) = preSolution
		Debug|Any CPU = Debug|Any CPU
		Release|Any CPU = Release|Any CPU
	EndGlobalSection
	GlobalSection(ProjectConfigurationPlatforms) = postSolution
		{AD83196A-527F-4B67-A517-4E235E9E51F7}.Debug|Any CPU.ActiveCfg = Debug|Any CPU
		{AD83196A-527F-4B67-A517-4E235E9E51F7}.Debug|Any CPU.Build.0 = Debug|Any CPU
		{AD83196A-527F-4B67-A517-4E235E9E51F7}.Release|Any CPU.ActiveCfg = Release|Any CPU
		{AD83196A-527F-4B67-A517-4E235E9E51F7}.Release|Any CPU.Build.0 = Release|Any CPU
		{5E0319A2-3470-420C-9557-7E95D1FB2A70}.Debug|Any CPU.ActiveCfg = Debug|Any CPU
		{5E0319A2-3470-420C-9557-7E95D1FB2A70}.Debug|Any CPU.Build.0 = Debug|Any CPU
		{5E0319A2-3470-420C-9557-7E95D1FB2A70}.Release|Any CPU.ActiveCfg = Release|Any CPU
		{5E0319A2-3470-420C-9557-7E95D1FB2A70}.Release|Any CPU.Build.0 = Release|Any CPU
	EndGlobalSection
EndGlobal
